
Microsoft Visual Studio Solution File, Format Version 12.00
# Visual Studio Version 17
VisualStudioVersion = 17.0.32014.148
MinimumVisualStudioVersion = 10.0.40219.1
Project("{FAE04EC0-301F-11D3-BF4B-00C04F79EFBC}") = "MlKitTextRecognitionSample.Android", "MlKitTextRecognitionSample\MlKitTextRecognitionSample.Android\MlKitTextRecognitionSample.Android.csproj", "{02318BC0-F901-42A9-AD75-60102D7E572A}"
EndProject
Project("{FAE04EC0-301F-11D3-BF4B-00C04F79EFBC}") = "MlKitTextRecognitionSample.iOS", "MlKitTextRecognitionSample\MlKitTextRecognitionSample.iOS\MlKitTextRecognitionSample.iOS.csproj", "{A390C2B1-D2EA-4525-870E-5403283CEA09}"
EndProject
Project("{FAE04EC0-301F-11D3-BF4B-00C04F79EFBC}") = "MlKitTextRecognitionSample", "MlKitTextRecognitionSample\MlKitTextRecognitionSample\MlKitTextRecognitionSample.csproj", "{1C2902AE-A18B-4EF9-AB52-1B98B543B758}"
EndProject
Global
	GlobalSection(SolutionConfigurationPlatforms) = preSolution
		Debug|Any CPU = Debug|Any CPU
		Debug|iPhone = Debug|iPhone
		Debug|iPhoneSimulator = Debug|iPhoneSimulator
		Release|Any CPU = Release|Any CPU
		Release|iPhone = Release|iPhone
		Release|iPhoneSimulator = Release|iPhoneSimulator
	EndGlobalSection
	GlobalSection(ProjectConfigurationPlatforms) = postSolution
		{02318BC0-F901-42A9-AD75-60102D7E572A}.Debug|Any CPU.ActiveCfg = Debug|Any CPU
		{02318BC0-F901-42A9-AD75-60102D7E572A}.Debug|Any CPU.Build.0 = Debug|Any CPU
		{02318BC0-F901-42A9-AD75-60102D7E572A}.Debug|Any CPU.Deploy.0 = Debug|Any CPU
		{02318BC0-F901-42A9-AD75-60102D7E572A}.Debug|iPhone.ActiveCfg = Debug|Any CPU
		{02318BC0-F901-42A9-AD75-60102D7E572A}.Debug|iPhone.Build.0 = Debug|Any CPU
		{02318BC0-F901-42A9-AD75-60102D7E572A}.Debug|iPhone.Deploy.0 = Debug|Any CPU
		{02318BC0-F901-42A9-AD75-60102D7E572A}.Debug|iPhoneSimulator.ActiveCfg = Debug|Any CPU
		{02318BC0-F901-42A9-AD75-60102D7E572A}.Debug|iPhoneSimulator.Build.0 = Debug|Any CPU
		{02318BC0-F901-42A9-AD75-60102D7E572A}.Debug|iPhoneSimulator.Deploy.0 = Debug|Any CPU
		{02318BC0-F901-42A9-AD75-60102D7E572A}.Release|Any CPU.ActiveCfg = Release|Any CPU
		{02318BC0-F901-42A9-AD75-60102D7E572A}.Release|Any CPU.Build.0 = Release|Any CPU
		{02318BC0-F901-42A9-AD75-60102D7E572A}.Release|Any CPU.Deploy.0 = Release|Any CPU
		{02318BC0-F901-42A9-AD75-60102D7E572A}.Release|iPhone.ActiveCfg = Release|Any CPU
		{02318BC0-F901-42A9-AD75-60102D7E572A}.Release|iPhone.Build.0 = Release|Any CPU
		{02318BC0-F901-42A9-AD75-60102D7E572A}.Release|iPhone.Deploy.0 = Release|Any CPU
		{02318BC0-F901-42A9-AD75-60102D7E572A}.Release|iPhoneSimulator.ActiveCfg = Release|Any CPU
		{02318BC0-F901-42A9-AD75-60102D7E572A}.Release|iPhoneSimulator.Build.0 = Release|Any CPU
		{02318BC0-F901-42A9-AD75-60102D7E572A}.Release|iPhoneSimulator.Deploy.0 = Release|Any CPU
		{A390C2B1-D2EA-4525-870E-5403283CEA09}.Debug|Any CPU.ActiveCfg = Debug|iPhone
		{A390C2B1-D2EA-4525-870E-5403283CEA09}.Debug|Any CPU.Build.0 = Debug|iPhone
		{A390C2B1-D2EA-4525-870E-5403283CEA09}.Debug|Any CPU.Deploy.0 = Debug|iPhone
		{A390C2B1-D2EA-4525-870E-5403283CEA09}.Debug|iPhone.ActiveCfg = Debug|iPhone
		{A390C2B1-D2EA-4525-870E-5403283CEA09}.Debug|iPhone.Build.0 = Debug|iPhone
		{A390C2B1-D2EA-4525-870E-5403283CEA09}.Debug|iPhone.Deploy.0 = Debug|iPhone
		{A390C2B1-D2EA-4525-870E-5403283CEA09}.Debug|iPhoneSimulator.ActiveCfg = Debug|iPhoneSimulator
		{A390C2B1-D2EA-4525-870E-5403283CEA09}.Debug|iPhoneSimulator.Build.0 = Debug|iPhoneSimulator
		{A390C2B1-D2EA-4525-870E-5403283CEA09}.Debug|iPhoneSimulator.Deploy.0 = Debug|iPhoneSimulator
		{A390C2B1-D2EA-4525-870E-5403283CEA09}.Release|Any CPU.ActiveCfg = Release|iPhoneSimulator
		{A390C2B1-D2EA-4525-870E-5403283CEA09}.Release|Any CPU.Build.0 = Release|iPhoneSimulator
		{A390C2B1-D2EA-4525-870E-5403283CEA09}.Release|Any CPU.Deploy.0 = Release|iPhoneSimulator
		{A390C2B1-D2EA-4525-870E-5403283CEA09}.Release|iPhone.ActiveCfg = Release|iPhone
		{A390C2B1-D2EA-4525-870E-5403283CEA09}.Release|iPhone.Build.0 = Release|iPhone
		{A390C2B1-D2EA-4525-870E-5403283CEA09}.Release|iPhone.Deploy.0 = Release|iPhone
		{A390C2B1-D2EA-4525-870E-5403283CEA09}.Release|iPhoneSimulator.ActiveCfg = Release|iPhoneSimulator
		{A390C2B1-D2EA-4525-870E-5403283CEA09}.Release|iPhoneSimulator.Build.0 = Release|iPhoneSimulator
		{A390C2B1-D2EA-4525-870E-5403283CEA09}.Release|iPhoneSimulator.Deploy.0 = Release|iPhoneSimulator
		{1C2902AE-A18B-4EF9-AB52-1B98B543B758}.Debug|Any CPU.ActiveCfg = Debug|Any CPU
		{1C2902AE-A18B-4EF9-AB52-1B98B543B758}.Debug|Any CPU.Build.0 = Debug|Any CPU
		{1C2902AE-A18B-4EF9-AB52-1B98B543B758}.Debug|Any CPU.Deploy.0 = Debug|Any CPU
		{1C2902AE-A18B-4EF9-AB52-1B98B543B758}.Debug|iPhone.ActiveCfg = Debug|Any CPU
		{1C2902AE-A18B-4EF9-AB52-1B98B543B758}.Debug|iPhone.Build.0 = Debug|Any CPU
		{1C2902AE-A18B-4EF9-AB52-1B98B543B758}.Debug|iPhone.Deploy.0 = Debug|Any CPU
		{1C2902AE-A18B-4EF9-AB52-1B98B543B758}.Debug|iPhoneSimulator.ActiveCfg = Debug|Any CPU
		{1C2902AE-A18B-4EF9-AB52-1B98B543B758}.Debug|iPhoneSimulator.Build.0 = Debug|Any CPU
		{1C2902AE-A18B-4EF9-AB52-1B98B543B758}.Debug|iPhoneSimulator.Deploy.0 = Debug|Any CPU
		{1C2902AE-A18B-4EF9-AB52-1B98B543B758}.Release|Any CPU.ActiveCfg = Release|Any CPU
		{1C2902AE-A18B-4EF9-AB52-1B98B543B758}.Release|Any CPU.Build.0 = Release|Any CPU
		{1C2902AE-A18B-4EF9-AB52-1B98B543B758}.Release|Any CPU.Deploy.0 = Release|Any CPU
		{1C2902AE-A18B-4EF9-AB52-1B98B543B758}.Release|iPhone.ActiveCfg = Release|Any CPU
		{1C2902AE-A18B-4EF9-AB52-1B98B543B758}.Release|iPhone.Build.0 = Release|Any CPU
		{1C2902AE-A18B-4EF9-AB52-1B98B543B758}.Release|iPhone.Deploy.0 = Release|Any CPU
		{1C2902AE-A18B-4EF9-AB52-1B98B543B758}.Release|iPhoneSimulator.ActiveCfg = Release|Any CPU
		{1C2902AE-A18B-4EF9-AB52-1B98B543B758}.Release|iPhoneSimulator.Build.0 = Release|Any CPU
		{1C2902AE-A18B-4EF9-AB52-1B98B543B758}.Release|iPhoneSimulator.Deploy.0 = Release|Any CPU
	EndGlobalSection
	GlobalSection(SolutionProperties) = preSolution
		HideSolutionNode = FALSE
	EndGlobalSection
	GlobalSection(ExtensibilityGlobals) = postSolution
		SolutionGuid = {CED75002-ADBA-4A19-A749-52CE75748BF9}
	EndGlobalSection
EndGlobal
